// !$*UTF8*$!
{
	archiveVersion = 1;
	classes = {
	};
	objectVersion = 56;
	objects = {

/* Begin PBXBuildFile section */
		FA21E109296EA48B00EFB646 /* DetailListTableViewController.swift in Sources */ = {isa = PBXBuildFile; fileRef = FA21E108296EA48B00EFB646 /* DetailListTableViewController.swift */; };
		FA21E10B296EAB4700EFB646 /* TabBarController.swift in Sources */ = {isa = PBXBuildFile; fileRef = FA21E10A296EAB4700EFB646 /* TabBarController.swift */; };
		FA21E10D296FC68400EFB646 /* ContactsNavigationController.swift in Sources */ = {isa = PBXBuildFile; fileRef = FA21E10C296FC68400EFB646 /* ContactsNavigationController.swift */; };
		FA21E10F296FC6D400EFB646 /* DetailsNavigationController.swift in Sources */ = {isa = PBXBuildFile; fileRef = FA21E10E296FC6D400EFB646 /* DetailsNavigationController.swift */; };
		FA8949F4296D5A42009F576F /* PersonDetailsViewController.swift in Sources */ = {isa = PBXBuildFile; fileRef = FA8949F3296D5A42009F576F /* PersonDetailsViewController.swift */; };
		FABE7A45296AA4D50050B4AA /* AppDelegate.swift in Sources */ = {isa = PBXBuildFile; fileRef = FABE7A44296AA4D50050B4AA /* AppDelegate.swift */; };
		FABE7A47296AA4D50050B4AA /* SceneDelegate.swift in Sources */ = {isa = PBXBuildFile; fileRef = FABE7A46296AA4D50050B4AA /* SceneDelegate.swift */; };
		FABE7A4C296AA4D50050B4AA /* Main.storyboard in Resources */ = {isa = PBXBuildFile; fileRef = FABE7A4A296AA4D50050B4AA /* Main.storyboard */; };
		FABE7A4E296AA4D60050B4AA /* Assets.xcassets in Resources */ = {isa = PBXBuildFile; fileRef = FABE7A4D296AA4D60050B4AA /* Assets.xcassets */; };
		FABE7A51296AA4D60050B4AA /* LaunchScreen.storyboard in Resources */ = {isa = PBXBuildFile; fileRef = FABE7A4F296AA4D60050B4AA /* LaunchScreen.storyboard */; };
		FABE7A5B296D29EB0050B4AA /* Person.swift in Sources */ = {isa = PBXBuildFile; fileRef = FABE7A5A296D29EB0050B4AA /* Person.swift */; };
		FABE7A5E296D2EA70050B4AA /* ContactListViewController.swift in Sources */ = {isa = PBXBuildFile; fileRef = FABE7A5D296D2EA70050B4AA /* ContactListViewController.swift */; };
		FABE7A60296D3F1B0050B4AA /* DataStore.swift in Sources */ = {isa = PBXBuildFile; fileRef = FABE7A5F296D3F1B0050B4AA /* DataStore.swift */; };
/* End PBXBuildFile section */

/* Begin PBXFileReference section */
		FA21E108296EA48B00EFB646 /* DetailListTableViewController.swift */ = {isa = PBXFileReference; lastKnownFileType = sourcecode.swift; path = DetailListTableViewController.swift; sourceTree = "<group>"; };
		FA21E10A296EAB4700EFB646 /* TabBarController.swift */ = {isa = PBXFileReference; lastKnownFileType = sourcecode.swift; path = TabBarController.swift; sourceTree = "<group>"; };
		FA21E10C296FC68400EFB646 /* ContactsNavigationController.swift */ = {isa = PBXFileReference; lastKnownFileType = sourcecode.swift; path = ContactsNavigationController.swift; sourceTree = "<group>"; };
		FA21E10E296FC6D400EFB646 /* DetailsNavigationController.swift */ = {isa = PBXFileReference; lastKnownFileType = sourcecode.swift; path = DetailsNavigationController.swift; sourceTree = "<group>"; };
		FA8949F3296D5A42009F576F /* PersonDetailsViewController.swift */ = {isa = PBXFileReference; lastKnownFileType = sourcecode.swift; path = PersonDetailsViewController.swift; sourceTree = "<group>"; };
		FABE7A41296AA4D50050B4AA /* ContactList.app */ = {isa = PBXFileReference; explicitFileType = wrapper.application; includeInIndex = 0; path = ContactList.app; sourceTree = BUILT_PRODUCTS_DIR; };
		FABE7A44296AA4D50050B4AA /* AppDelegate.swift */ = {isa = PBXFileReference; lastKnownFileType = sourcecode.swift; path = AppDelegate.swift; sourceTree = "<group>"; };
		FABE7A46296AA4D50050B4AA /* SceneDelegate.swift */ = {isa = PBXFileReference; lastKnownFileType = sourcecode.swift; path = SceneDelegate.swift; sourceTree = "<group>"; };
		FABE7A4B296AA4D50050B4AA /* Base */ = {isa = PBXFileReference; lastKnownFileType = file.storyboard; name = Base; path = Base.lproj/Main.storyboard; sourceTree = "<group>"; };
		FABE7A4D296AA4D60050B4AA /* Assets.xcassets */ = {isa = PBXFileReference; lastKnownFileType = folder.assetcatalog; path = Assets.xcassets; sourceTree = "<group>"; };
		FABE7A50296AA4D60050B4AA /* Base */ = {isa = PBXFileReference; lastKnownFileType = file.storyboard; name = Base; path = Base.lproj/LaunchScreen.storyboard; sourceTree = "<group>"; };
		FABE7A52296AA4D60050B4AA /* Info.plist */ = {isa = PBXFileReference; lastKnownFileType = text.plist.xml; path = Info.plist; sourceTree = "<group>"; };
		FABE7A5A296D29EB0050B4AA /* Person.swift */ = {isa = PBXFileReference; lastKnownFileType = sourcecode.swift; path = Person.swift; sourceTree = "<group>"; };
		FABE7A5D296D2EA70050B4AA /* ContactListViewController.swift */ = {isa = PBXFileReference; lastKnownFileType = sourcecode.swift; path = ContactListViewController.swift; sourceTree = "<group>"; };
		FABE7A5F296D3F1B0050B4AA /* DataStore.swift */ = {isa = PBXFileReference; lastKnownFileType = sourcecode.swift; path = DataStore.swift; sourceTree = "<group>"; };
/* End PBXFileReference section */

/* Begin PBXFrameworksBuildPhase section */
		FABE7A3E296AA4D50050B4AA /* Frameworks */ = {
			isa = PBXFrameworksBuildPhase;
			buildActionMask = 2147483647;
			files = (
			);
			runOnlyForDeploymentPostprocessing = 0;
		};
/* End PBXFrameworksBuildPhase section */

/* Begin PBXGroup section */
		FABE7A38296AA4D50050B4AA = {
			isa = PBXGroup;
			children = (
				FABE7A43296AA4D50050B4AA /* ContactList */,
				FABE7A42296AA4D50050B4AA /* Products */,
			);
			sourceTree = "<group>";
		};
		FABE7A42296AA4D50050B4AA /* Products */ = {
			isa = PBXGroup;
			children = (
				FABE7A41296AA4D50050B4AA /* ContactList.app */,
			);
			name = Products;
			sourceTree = "<group>";
		};
		FABE7A43296AA4D50050B4AA /* ContactList */ = {
			isa = PBXGroup;
			children = (
				FABE7A5C296D2BFA0050B4AA /* Model */,
				FABE7A59296B687E0050B4AA /* ViewControllers */,
				FABE7A58296B68710050B4AA /* Storyboards */,
				FABE7A44296AA4D50050B4AA /* AppDelegate.swift */,
				FABE7A46296AA4D50050B4AA /* SceneDelegate.swift */,
				FABE7A4D296AA4D60050B4AA /* Assets.xcassets */,
				FABE7A52296AA4D60050B4AA /* Info.plist */,
			);
			path = ContactList;
			sourceTree = "<group>";
		};
		FABE7A58296B68710050B4AA /* Storyboards */ = {
			isa = PBXGroup;
			children = (
				FABE7A4A296AA4D50050B4AA /* Main.storyboard */,
				FABE7A4F296AA4D60050B4AA /* LaunchScreen.storyboard */,
			);
			path = Storyboards;
			sourceTree = "<group>";
		};
		FABE7A59296B687E0050B4AA /* ViewControllers */ = {
			isa = PBXGroup;
			children = (
				FA21E10A296EAB4700EFB646 /* TabBarController.swift */,
				FABE7A5D296D2EA70050B4AA /* ContactListViewController.swift */,
				FA8949F3296D5A42009F576F /* PersonDetailsViewController.swift */,
				FA21E108296EA48B00EFB646 /* DetailListTableViewController.swift */,
				FA21E10C296FC68400EFB646 /* ContactsNavigationController.swift */,
				FA21E10E296FC6D400EFB646 /* DetailsNavigationController.swift */,
			);
			path = ViewControllers;
			sourceTree = "<group>";
		};
		FABE7A5C296D2BFA0050B4AA /* Model */ = {
			isa = PBXGroup;
			children = (
				FABE7A5A296D29EB0050B4AA /* Person.swift */,
				FABE7A5F296D3F1B0050B4AA /* DataStore.swift */,
			);
			path = Model;
			sourceTree = "<group>";
		};
/* End PBXGroup section */

/* Begin PBXNativeTarget section */
		FABE7A40296AA4D50050B4AA /* ContactList */ = {
			isa = PBXNativeTarget;
			buildConfigurationList = FABE7A55296AA4D60050B4AA /* Build configuration list for PBXNativeTarget "ContactList" */;
			buildPhases = (
				FABE7A3D296AA4D50050B4AA /* Sources */,
				FABE7A3E296AA4D50050B4AA /* Frameworks */,
				FABE7A3F296AA4D50050B4AA /* Resources */,
			);
			buildRules = (
			);
			dependencies = (
			);
			name = ContactList;
			productName = ContactList;
			productReference = FABE7A41296AA4D50050B4AA /* ContactList.app */;
			productType = "com.apple.product-type.application";
		};
/* End PBXNativeTarget section */

/* Begin PBXProject section */
		FABE7A39296AA4D50050B4AA /* Project object */ = {
			isa = PBXProject;
			attributes = {
				BuildIndependentTargetsInParallel = 1;
				LastSwiftUpdateCheck = 1420;
				LastUpgradeCheck = 1420;
				TargetAttributes = {
					FABE7A40296AA4D50050B4AA = {
						CreatedOnToolsVersion = 14.2;
					};
				};
			};
			buildConfigurationList = FABE7A3C296AA4D50050B4AA /* Build configuration list for PBXProject "ContactList" */;
			compatibilityVersion = "Xcode 14.0";
			developmentRegion = en;
			hasScannedForEncodings = 0;
			knownRegions = (
				en,
				Base,
			);
			mainGroup = FABE7A38296AA4D50050B4AA;
			productRefGroup = FABE7A42296AA4D50050B4AA /* Products */;
			projectDirPath = "";
			projectRoot = "";
			targets = (
				FABE7A40296AA4D50050B4AA /* ContactList */,
			);
		};
/* End PBXProject section */

/* Begin PBXResourcesBuildPhase section */
		FABE7A3F296AA4D50050B4AA /* Resources */ = {
			isa = PBXResourcesBuildPhase;
			buildActionMask = 2147483647;
			files = (
				FABE7A51296AA4D60050B4AA /* LaunchScreen.storyboard in Resources */,
				FABE7A4E296AA4D60050B4AA /* Assets.xcassets in Resources */,
				FABE7A4C296AA4D50050B4AA /* Main.storyboard in Resources */,
			);
			runOnlyForDeploymentPostprocessing = 0;
		};
/* End PBXResourcesBuildPhase section */

/* Begin PBXSourcesBuildPhase section */
		FABE7A3D296AA4D50050B4AA /* Sources */ = {
			isa = PBXSourcesBuildPhase;
			buildActionMask = 2147483647;
			files = (
				FA21E10D296FC68400EFB646 /* ContactsNavigationController.swift in Sources */,
				FABE7A45296AA4D50050B4AA /* AppDelegate.swift in Sources */,
				FA21E10B296EAB4700EFB646 /* TabBarController.swift in Sources */,
				FABE7A5E296D2EA70050B4AA /* ContactListViewController.swift in Sources */,
				FA21E109296EA48B00EFB646 /* DetailListTableViewController.swift in Sources */,
				FA8949F4296D5A42009F576F /* PersonDetailsViewController.swift in Sources */,
				FABE7A5B296D29EB0050B4AA /* Person.swift in Sources */,
				FABE7A60296D3F1B0050B4AA /* DataStore.swift in Sources */,
				FA21E10F296FC6D400EFB646 /* DetailsNavigationController.swift in Sources */,
				FABE7A47296AA4D50050B4AA /* SceneDelegate.swift in Sources */,
			);
			runOnlyForDeploymentPostprocessing = 0;
		};
/* End PBXSourcesBuildPhase section */

/* Begin PBXVariantGroup section */
		FABE7A4A296AA4D50050B4AA /* Main.storyboard */ = {
			isa = PBXVariantGroup;
			children = (
				FABE7A4B296AA4D50050B4AA /* Base */,
			);
			name = Main.storyboard;
			sourceTree = "<group>";
		};
		FABE7A4F296AA4D60050B4AA /* LaunchScreen.storyboard */ = {
			isa = PBXVariantGroup;
			children = (
				FABE7A50296AA4D60050B4AA /* Base */,
			);
			name = LaunchScreen.storyboard;
			sourceTree = "<group>";
		};
/* End PBXVariantGroup section */

/* Begin XCBuildConfiguration section */
		FABE7A53296AA4D60050B4AA /* Debug */ = {
			isa = XCBuildConfiguration;
			buildSettings = {
				ALWAYS_SEARCH_USER_PATHS = NO;
				CLANG_ANALYZER_NONNULL = YES;
				CLANG_ANALYZER_NUMBER_OBJECT_CONVERSION = YES_AGGRESSIVE;
				CLANG_CXX_LANGUAGE_STANDARD = "gnu++20";
				CLANG_ENABLE_MODULES = YES;
				CLANG_ENABLE_OBJC_ARC = YES;
				CLANG_ENABLE_OBJC_WEAK = YES;
				CLANG_WARN_BLOCK_CAPTURE_AUTORELEASING = YES;
				CLANG_WARN_BOOL_CONVERSION = YES;
				CLANG_WARN_COMMA = YES;
				CLANG_WARN_CONSTANT_CONVERSION = YES;
				CLANG_WARN_DEPRECATED_OBJC_IMPLEMENTATIONS = YES;
				CLANG_WARN_DIRECT_OBJC_ISA_USAGE = YES_ERROR;
				CLANG_WARN_DOCUMENTATION_COMMENTS = YES;
				CLANG_WARN_EMPTY_BODY = YES;
				CLANG_WARN_ENUM_CONVERSION = YES;
				CLANG_WARN_INFINITE_RECURSION = YES;
				CLANG_WARN_INT_CONVERSION = YES;
				CLANG_WARN_NON_LITERAL_NULL_CONVERSION = YES;
				CLANG_WARN_OBJC_IMPLICIT_RETAIN_SELF = YES;
				CLANG_WARN_OBJC_LITERAL_CONVERSION = YES;
				CLANG_WARN_OBJC_ROOT_CLASS = YES_ERROR;
				CLANG_WARN_QUOTED_INCLUDE_IN_FRAMEWORK_HEADER = YES;
				CLANG_WARN_RANGE_LOOP_ANALYSIS = YES;
				CLANG_WARN_STRICT_PROTOTYPES = YES;
				CLANG_WARN_SUSPICIOUS_MOVE = YES;
				CLANG_WARN_UNGUARDED_AVAILABILITY = YES_AGGRESSIVE;
				CLANG_WARN_UNREACHABLE_CODE = YES;
				CLANG_WARN__DUPLICATE_METHOD_MATCH = YES;
				COPY_PHASE_STRIP = NO;
				DEBUG_INFORMATION_FORMAT = dwarf;
				ENABLE_STRICT_OBJC_MSGSEND = YES;
				ENABLE_TESTABILITY = YES;
				GCC_C_LANGUAGE_STANDARD = gnu11;
				GCC_DYNAMIC_NO_PIC = NO;
				GCC_NO_COMMON_BLOCKS = YES;
				GCC_OPTIMIZATION_LEVEL = 0;
				GCC_PREPROCESSOR_DEFINITIONS = (
					"DEBUG=1",
					"$(inherited)",
				);
				GCC_WARN_64_TO_32_BIT_CONVERSION = YES;
				GCC_WARN_ABOUT_RETURN_TYPE = YES_ERROR;
				GCC_WARN_UNDECLARED_SELECTOR = YES;
				GCC_WARN_UNINITIALIZED_AUTOS = YES_AGGRESSIVE;
				GCC_WARN_UNUSED_FUNCTION = YES;
				GCC_WARN_UNUSED_VARIABLE = YES;
				IPHONEOS_DEPLOYMENT_TARGET = 16.2;
				MTL_ENABLE_DEBUG_INFO = INCLUDE_SOURCE;
				MTL_FAST_MATH = YES;
				ONLY_ACTIVE_ARCH = YES;
				SDKROOT = iphoneos;
				SWIFT_ACTIVE_COMPILATION_CONDITIONS = DEBUG;
				SWIFT_OPTIMIZATION_LEVEL = "-Onone";
			};
			name = Debug;
		};
		FABE7A54296AA4D60050B4AA /* Release */ = {
			isa = XCBuildConfiguration;
			buildSettings = {
				ALWAYS_SEARCH_USER_PATHS = NO;
				CLANG_ANALYZER_NONNULL = YES;
				CLANG_ANALYZER_NUMBER_OBJECT_CONVERSION = YES_AGGRESSIVE;
				CLANG_CXX_LANGUAGE_STANDARD = "gnu++20";
				CLANG_ENABLE_MODULES = YES;
				CLANG_ENABLE_OBJC_ARC = YES;
				CLANG_ENABLE_OBJC_WEAK = YES;
				CLANG_WARN_BLOCK_CAPTURE_AUTORELEASING = YES;
				CLANG_WARN_BOOL_CONVERSION = YES;
				CLANG_WARN_COMMA = YES;
				CLANG_WARN_CONSTANT_CONVERSION = YES;
				CLANG_WARN_DEPRECATED_OBJC_IMPLEMENTATIONS = YES;
				CLANG_WARN_DIRECT_OBJC_ISA_USAGE = YES_ERROR;
				CLANG_WARN_DOCUMENTATION_COMMENTS = YES;
				CLANG_WARN_EMPTY_BODY = YES;
				CLANG_WARN_ENUM_CONVERSION = YES;
				CLANG_WARN_INFINITE_RECURSION = YES;
				CLANG_WARN_INT_CONVERSION = YES;
				CLANG_WARN_NON_LITERAL_NULL_CONVERSION = YES;
				CLANG_WARN_OBJC_IMPLICIT_RETAIN_SELF = YES;
				CLANG_WARN_OBJC_LITERAL_CONVERSION = YES;
				CLANG_WARN_OBJC_ROOT_CLASS = YES_ERROR;
				CLANG_WARN_QUOTED_INCLUDE_IN_FRAMEWORK_HEADER = YES;
				CLANG_WARN_RANGE_LOOP_ANALYSIS = YES;
				CLANG_WARN_STRICT_PROTOTYPES = YES;
				CLANG_WARN_SUSPICIOUS_MOVE = YES;
				CLANG_WARN_UNGUARDED_AVAILABILITY = YES_AGGRESSIVE;
				CLANG_WARN_UNREACHABLE_CODE = YES;
				CLANG_WARN__DUPLICATE_METHOD_MATCH = YES;
				COPY_PHASE_STRIP = NO;
				DEBUG_INFORMATION_FORMAT = "dwarf-with-dsym";
				ENABLE_NS_ASSERTIONS = NO;
				ENABLE_STRICT_OBJC_MSGSEND = YES;
				GCC_C_LANGUAGE_STANDARD = gnu11;
				GCC_NO_COMMON_BLOCKS = YES;
				GCC_WARN_64_TO_32_BIT_CONVERSION = YES;
				GCC_WARN_ABOUT_RETURN_TYPE = YES_ERROR;
				GCC_WARN_UNDECLARED_SELECTOR = YES;
				GCC_WARN_UNINITIALIZED_AUTOS = YES_AGGRESSIVE;
				GCC_WARN_UNUSED_FUNCTION = YES;
				GCC_WARN_UNUSED_VARIABLE = YES;
				IPHONEOS_DEPLOYMENT_TARGET = 16.2;
				MTL_ENABLE_DEBUG_INFO = NO;
				MTL_FAST_MATH = YES;
				SDKROOT = iphoneos;
				SWIFT_COMPILATION_MODE = wholemodule;
				SWIFT_OPTIMIZATION_LEVEL = "-O";
				VALIDATE_PRODUCT = YES;
			};
			name = Release;
		};
		FABE7A56296AA4D60050B4AA /* Debug */ = {
			isa = XCBuildConfiguration;
			buildSettings = {
				ASSETCATALOG_COMPILER_APPICON_NAME = AppIcon;
				ASSETCATALOG_COMPILER_GLOBAL_ACCENT_COLOR_NAME = AccentColor;
				CODE_SIGN_STYLE = Automatic;
				CURRENT_PROJECT_VERSION = 1;
				DEVELOPMENT_TEAM = 67668SBPLN;
				GENERATE_INFOPLIST_FILE = YES;
				INFOPLIST_FILE = ContactList/Info.plist;
				INFOPLIST_KEY_UIApplicationSupportsIndirectInputEvents = YES;
				INFOPLIST_KEY_UILaunchStoryboardName = LaunchScreen;
				INFOPLIST_KEY_UIMainStoryboardFile = Main;
				INFOPLIST_KEY_UISupportedInterfaceOrientations_iPad = "UIInterfaceOrientationPortrait UIInterfaceOrientationPortraitUpsideDown UIInterfaceOrientationLandscapeLeft UIInterfaceOrientationLandscapeRight";
				INFOPLIST_KEY_UISupportedInterfaceOrientations_iPhone = "UIInterfaceOrientationPortrait UIInterfaceOrientationLandscapeLeft UIInterfaceOrientationLandscapeRight";
				LD_RUNPATH_SEARCH_PATHS = (
					"$(inherited)",
					"@executable_path/Frameworks",
				);
				MARKETING_VERSION = 1.0;
				PRODUCT_BUNDLE_IDENTIFIER = "Aleksei-Voronovskii.ContactList";
				PRODUCT_NAME = "$(TARGET_NAME)";
				SUPPORTED_PLATFORMS = "iphoneos iphonesimulator";
				SUPPORTS_MACCATALYST = NO;
				SUPPORTS_MAC_DESIGNED_FOR_IPHONE_IPAD = NO;
				SWIFT_EMIT_LOC_STRINGS = YES;
				SWIFT_VERSION = 5.0;
				TARGETED_DEVICE_FAMILY = 1;
			};
			name = Debug;
		};
		FABE7A57296AA4D60050B4AA /* Release */ = {
			isa = XCBuildConfiguration;
			buildSettings = {
				ASSETCATALOG_COMPILER_APPICON_NAME = AppIcon;
				ASSETCATALOG_COMPILER_GLOBAL_ACCENT_COLOR_NAME = AccentColor;
				CODE_SIGN_STYLE = Automatic;
				CURRENT_PROJECT_VERSION = 1;
				DEVELOPMENT_TEAM = 67668SBPLN;
				GENERATE_INFOPLIST_FILE = YES;
				INFOPLIST_FILE = ContactList/Info.plist;
				INFOPLIST_KEY_UIApplicationSupportsIndirectInputEvents = YES;
				INFOPLIST_KEY_UILaunchStoryboardName = LaunchScreen;
				INFOPLIST_KEY_UIMainStoryboardFile = Main;
				INFOPLIST_KEY_UISupportedInterfaceOrientations_iPad = "UIInterfaceOrientationPortrait UIInterfaceOrientationPortraitUpsideDown UIInterfaceOrientationLandscapeLeft UIInterfaceOrientationLandscapeRight";
				INFOPLIST_KEY_UISupportedInterfaceOrientations_iPhone = "UIInterfaceOrientationPortrait UIInterfaceOrientationLandscapeLeft UIInterfaceOrientationLandscapeRight";
				LD_RUNPATH_SEARCH_PATHS = (
					"$(inherited)",
					"@executable_path/Frameworks",
				);
				MARKETING_VERSION = 1.0;
				PRODUCT_BUNDLE_IDENTIFIER = "Aleksei-Voronovskii.ContactList";
				PRODUCT_NAME = "$(TARGET_NAME)";
				SUPPORTED_PLATFORMS = "iphoneos iphonesimulator";
				SUPPORTS_MACCATALYST = NO;
				SUPPORTS_MAC_DESIGNED_FOR_IPHONE_IPAD = NO;
				SWIFT_EMIT_LOC_STRINGS = YES;
				SWIFT_VERSION = 5.0;
				TARGETED_DEVICE_FAMILY = 1;
			};
			name = Release;
		};
/* End XCBuildConfiguration section */

/* Begin XCConfigurationList section */
		FABE7A3C296AA4D50050B4AA /* Build configuration list for PBXProject "ContactList" */ = {
			isa = XCConfigurationList;
			buildConfigurations = (
				FABE7A53296AA4D60050B4AA /* Debug */,
				FABE7A54296AA4D60050B4AA /* Release */,
			);
			defaultConfigurationIsVisible = 0;
			defaultConfigurationName = Release;
		};
		FABE7A55296AA4D60050B4AA /* Build configuration list for PBXNativeTarget "ContactList" */ = {
			isa = XCConfigurationList;
			buildConfigurations = (
				FABE7A56296AA4D60050B4AA /* Debug */,
				FABE7A57296AA4D60050B4AA /* Release */,
			);
			defaultConfigurationIsVisible = 0;
			defaultConfigurationName = Release;
		};
/* End XCConfigurationList section */
	};
	rootObject = FABE7A39296AA4D50050B4AA /* Project object */;
}
